// !$*UTF8*$!
{
	archiveVersion = 1;
	classes = {
	};
	objectVersion = 55;
	objects = {

/* Begin PBXBuildFile section */
		75993905285B1E090057C705 /* BrastlemarkApp.swift in Sources */ = {isa = PBXBuildFile; fileRef = 75993904285B1E090057C705 /* BrastlemarkApp.swift */; };
		75993907285B1E090057C705 /* ContentView.swift in Sources */ = {isa = PBXBuildFile; fileRef = 75993906285B1E090057C705 /* ContentView.swift */; };
		75993909285B1E0A0057C705 /* Assets.xcassets in Resources */ = {isa = PBXBuildFile; fileRef = 75993908285B1E0A0057C705 /* Assets.xcassets */; };
		7599390C285B1E0A0057C705 /* Preview Assets.xcassets in Resources */ = {isa = PBXBuildFile; fileRef = 7599390B285B1E0A0057C705 /* Preview Assets.xcassets */; };
		75993916285B1E0B0057C705 /* BrastlemarkTests.swift in Sources */ = {isa = PBXBuildFile; fileRef = 75993915285B1E0B0057C705 /* BrastlemarkTests.swift */; };
		75993920285B1E0B0057C705 /* BrastlemarkUITests.swift in Sources */ = {isa = PBXBuildFile; fileRef = 7599391F285B1E0B0057C705 /* BrastlemarkUITests.swift */; };
		75993922285B1E0B0057C705 /* BrastlemarkUITestsLaunchTests.swift in Sources */ = {isa = PBXBuildFile; fileRef = 75993921285B1E0B0057C705 /* BrastlemarkUITestsLaunchTests.swift */; };
		7599392F285B1E340057C705 /* Brastlewark .swift in Sources */ = {isa = PBXBuildFile; fileRef = 7599392E285B1E340057C705 /* Brastlewark .swift */; };
		75993931285B1E3A0057C705 /* InhabitantViewModel.swift in Sources */ = {isa = PBXBuildFile; fileRef = 75993930285B1E3A0057C705 /* InhabitantViewModel.swift */; };
/* End PBXBuildFile section */

/* Begin PBXContainerItemProxy section */
		75993912285B1E0B0057C705 /* PBXContainerItemProxy */ = {
			isa = PBXContainerItemProxy;
			containerPortal = 759938F9285B1E090057C705 /* Project object */;
			proxyType = 1;
			remoteGlobalIDString = 75993900285B1E090057C705;
			remoteInfo = Brastlemark;
		};
		7599391C285B1E0B0057C705 /* PBXContainerItemProxy */ = {
			isa = PBXContainerItemProxy;
			containerPortal = 759938F9285B1E090057C705 /* Project object */;
			proxyType = 1;
			remoteGlobalIDString = 75993900285B1E090057C705;
			remoteInfo = Brastlemark;
		};
/* End PBXContainerItemProxy section */

/* Begin PBXFileReference section */
		756ECF5C285B26C9003EE0BF /* Info.plist */ = {isa = PBXFileReference; lastKnownFileType = text.plist; path = Info.plist; sourceTree = "<group>"; };
		75993901285B1E090057C705 /* Brastlemark.app */ = {isa = PBXFileReference; explicitFileType = wrapper.application; includeInIndex = 0; path = Brastlemark.app; sourceTree = BUILT_PRODUCTS_DIR; };
		75993904285B1E090057C705 /* BrastlemarkApp.swift */ = {isa = PBXFileReference; lastKnownFileType = sourcecode.swift; path = BrastlemarkApp.swift; sourceTree = "<group>"; };
		75993906285B1E090057C705 /* ContentView.swift */ = {isa = PBXFileReference; lastKnownFileType = sourcecode.swift; path = ContentView.swift; sourceTree = "<group>"; };
		75993908285B1E0A0057C705 /* Assets.xcassets */ = {isa = PBXFileReference; lastKnownFileType = folder.assetcatalog; path = Assets.xcassets; sourceTree = "<group>"; };
		7599390B285B1E0A0057C705 /* Preview Assets.xcassets */ = {isa = PBXFileReference; lastKnownFileType = folder.assetcatalog; path = "Preview Assets.xcassets"; sourceTree = "<group>"; };
		75993911285B1E0B0057C705 /* BrastlemarkTests.xctest */ = {isa = PBXFileReference; explicitFileType = wrapper.cfbundle; includeInIndex = 0; path = BrastlemarkTests.xctest; sourceTree = BUILT_PRODUCTS_DIR; };
		75993915285B1E0B0057C705 /* BrastlemarkTests.swift */ = {isa = PBXFileReference; lastKnownFileType = sourcecode.swift; path = BrastlemarkTests.swift; sourceTree = "<group>"; };
		7599391B285B1E0B0057C705 /* BrastlemarkUITests.xctest */ = {isa = PBXFileReference; explicitFileType = wrapper.cfbundle; includeInIndex = 0; path = BrastlemarkUITests.xctest; sourceTree = BUILT_PRODUCTS_DIR; };
		7599391F285B1E0B0057C705 /* BrastlemarkUITests.swift */ = {isa = PBXFileReference; lastKnownFileType = sourcecode.swift; path = BrastlemarkUITests.swift; sourceTree = "<group>"; };
		75993921285B1E0B0057C705 /* BrastlemarkUITestsLaunchTests.swift */ = {isa = PBXFileReference; lastKnownFileType = sourcecode.swift; path = BrastlemarkUITestsLaunchTests.swift; sourceTree = "<group>"; };
		7599392E285B1E340057C705 /* Brastlewark .swift */ = {isa = PBXFileReference; fileEncoding = 4; lastKnownFileType = sourcecode.swift; path = "Brastlewark .swift"; sourceTree = "<group>"; };
		75993930285B1E3A0057C705 /* InhabitantViewModel.swift */ = {isa = PBXFileReference; fileEncoding = 4; lastKnownFileType = sourcecode.swift; path = InhabitantViewModel.swift; sourceTree = "<group>"; };
/* End PBXFileReference section */

/* Begin PBXFrameworksBuildPhase section */
		759938FE285B1E090057C705 /* Frameworks */ = {
			isa = PBXFrameworksBuildPhase;
			buildActionMask = 2147483647;
			files = (
			);
			runOnlyForDeploymentPostprocessing = 0;
		};
		7599390E285B1E0B0057C705 /* Frameworks */ = {
			isa = PBXFrameworksBuildPhase;
			buildActionMask = 2147483647;
			files = (
			);
			runOnlyForDeploymentPostprocessing = 0;
		};
		75993918285B1E0B0057C705 /* Frameworks */ = {
			isa = PBXFrameworksBuildPhase;
			buildActionMask = 2147483647;
			files = (
			);
			runOnlyForDeploymentPostprocessing = 0;
		};
/* End PBXFrameworksBuildPhase section */

/* Begin PBXGroup section */
		759938F8285B1E090057C705 = {
			isa = PBXGroup;
			children = (
				75993903285B1E090057C705 /* Brastlemark */,
				75993914285B1E0B0057C705 /* BrastlemarkTests */,
				7599391E285B1E0B0057C705 /* BrastlemarkUITests */,
				75993902285B1E090057C705 /* Products */,
			);
			sourceTree = "<group>";
		};
		75993902285B1E090057C705 /* Products */ = {
			isa = PBXGroup;
			children = (
				75993901285B1E090057C705 /* Brastlemark.app */,
				75993911285B1E0B0057C705 /* BrastlemarkTests.xctest */,
				7599391B285B1E0B0057C705 /* BrastlemarkUITests.xctest */,
			);
			name = Products;
			sourceTree = "<group>";
		};
		75993903285B1E090057C705 /* Brastlemark */ = {
			isa = PBXGroup;
			children = (
				756ECF5C285B26C9003EE0BF /* Info.plist */,
				75993904285B1E090057C705 /* BrastlemarkApp.swift */,
				75993906285B1E090057C705 /* ContentView.swift */,
				75993930285B1E3A0057C705 /* InhabitantViewModel.swift */,
				7599392E285B1E340057C705 /* Brastlewark .swift */,
				75993908285B1E0A0057C705 /* Assets.xcassets */,
				7599390A285B1E0A0057C705 /* Preview Content */,
			);
			path = Brastlemark;
			sourceTree = "<group>";
		};
		7599390A285B1E0A0057C705 /* Preview Content */ = {
			isa = PBXGroup;
			children = (
				7599390B285B1E0A0057C705 /* Preview Assets.xcassets */,
			);
			path = "Preview Content";
			sourceTree = "<group>";
		};
		75993914285B1E0B0057C705 /* BrastlemarkTests */ = {
			isa = PBXGroup;
			children = (
				75993915285B1E0B0057C705 /* BrastlemarkTests.swift */,
			);
			path = BrastlemarkTests;
			sourceTree = "<group>";
		};
		7599391E285B1E0B0057C705 /* BrastlemarkUITests */ = {
			isa = PBXGroup;
			children = (
				7599391F285B1E0B0057C705 /* BrastlemarkUITests.swift */,
				75993921285B1E0B0057C705 /* BrastlemarkUITestsLaunchTests.swift */,
			);
			path = BrastlemarkUITests;
			sourceTree = "<group>";
		};
/* End PBXGroup section */

/* Begin PBXNativeTarget section */
		75993900285B1E090057C705 /* Brastlemark */ = {
			isa = PBXNativeTarget;
			buildConfigurationList = 75993925285B1E0B0057C705 /* Build configuration list for PBXNativeTarget "Brastlemark" */;
			buildPhases = (
				759938FD285B1E090057C705 /* Sources */,
				759938FE285B1E090057C705 /* Frameworks */,
				759938FF285B1E090057C705 /* Resources */,
			);
			buildRules = (
			);
			dependencies = (
			);
			name = Brastlemark;
			productName = Brastlemark;
			productReference = 75993901285B1E090057C705 /* Brastlemark.app */;
			productType = "com.apple.product-type.application";
		};
		75993910285B1E0B0057C705 /* BrastlemarkTests */ = {
			isa = PBXNativeTarget;
			buildConfigurationList = 75993928285B1E0B0057C705 /* Build configuration list for PBXNativeTarget "BrastlemarkTests" */;
			buildPhases = (
				7599390D285B1E0B0057C705 /* Sources */,
				7599390E285B1E0B0057C705 /* Frameworks */,
				7599390F285B1E0B0057C705 /* Resources */,
			);
			buildRules = (
			);
			dependencies = (
				75993913285B1E0B0057C705 /* PBXTargetDependency */,
			);
			name = BrastlemarkTests;
			productName = BrastlemarkTests;
			productReference = 75993911285B1E0B0057C705 /* BrastlemarkTests.xctest */;
			productType = "com.apple.product-type.bundle.unit-test";
		};
		7599391A285B1E0B0057C705 /* BrastlemarkUITests */ = {
			isa = PBXNativeTarget;
			buildConfigurationList = 7599392B285B1E0B0057C705 /* Build configuration list for PBXNativeTarget "BrastlemarkUITests" */;
			buildPhases = (
				75993917285B1E0B0057C705 /* Sources */,
				75993918285B1E0B0057C705 /* Frameworks */,
				75993919285B1E0B0057C705 /* Resources */,
			);
			buildRules = (
			);
			dependencies = (
				7599391D285B1E0B0057C705 /* PBXTargetDependency */,
			);
			name = BrastlemarkUITests;
			productName = BrastlemarkUITests;
			productReference = 7599391B285B1E0B0057C705 /* BrastlemarkUITests.xctest */;
			productType = "com.apple.product-type.bundle.ui-testing";
		};
/* End PBXNativeTarget section */

/* Begin PBXProject section */
		759938F9285B1E090057C705 /* Project object */ = {
			isa = PBXProject;
			attributes = {
				BuildIndependentTargetsInParallel = 1;
				LastSwiftUpdateCheck = 1340;
				LastUpgradeCheck = 1340;
				TargetAttributes = {
					75993900285B1E090057C705 = {
						CreatedOnToolsVersion = 13.4.1;
					};
					75993910285B1E0B0057C705 = {
						CreatedOnToolsVersion = 13.4.1;
						TestTargetID = 75993900285B1E090057C705;
					};
					7599391A285B1E0B0057C705 = {
						CreatedOnToolsVersion = 13.4.1;
						TestTargetID = 75993900285B1E090057C705;
					};
				};
			};
			buildConfigurationList = 759938FC285B1E090057C705 /* Build configuration list for PBXProject "Brastlemark" */;
			compatibilityVersion = "Xcode 13.0";
			developmentRegion = en;
			hasScannedForEncodings = 0;
			knownRegions = (
				en,
				Base,
			);
			mainGroup = 759938F8285B1E090057C705;
			productRefGroup = 75993902285B1E090057C705 /* Products */;
			projectDirPath = "";
			projectRoot = "";
			targets = (
				75993900285B1E090057C705 /* Brastlemark */,
				75993910285B1E0B0057C705 /* BrastlemarkTests */,
				7599391A285B1E0B0057C705 /* BrastlemarkUITests */,
			);
		};
/* End PBXProject section */

/* Begin PBXResourcesBuildPhase section */
		759938FF285B1E090057C705 /* Resources */ = {
			isa = PBXResourcesBuildPhase;
			buildActionMask = 2147483647;
			files = (
				7599390C285B1E0A0057C705 /* Preview Assets.xcassets in Resources */,
				75993909285B1E0A0057C705 /* Assets.xcassets in Resources */,
			);
			runOnlyForDeploymentPostprocessing = 0;
		};
		7599390F285B1E0B0057C705 /* Resources */ = {
			isa = PBXResourcesBuildPhase;
			buildActionMask = 2147483647;
			files = (
			);
			runOnlyForDeploymentPostprocessing = 0;
		};
		75993919285B1E0B0057C705 /* Resources */ = {
			isa = PBXResourcesBuildPhase;
			buildActionMask = 2147483647;
			files = (
			);
			runOnlyForDeploymentPostprocessing = 0;
		};
/* End PBXResourcesBuildPhase section */

/* Begin PBXSourcesBuildPhase section */
		759938FD285B1E090057C705 /* Sources */ = {
			isa = PBXSourcesBuildPhase;
			buildActionMask = 2147483647;
			files = (
				75993907285B1E090057C705 /* ContentView.swift in Sources */,
				75993905285B1E090057C705 /* BrastlemarkApp.swift in Sources */,
				75993931285B1E3A0057C705 /* InhabitantViewModel.swift in Sources */,
				7599392F285B1E340057C705 /* Brastlewark .swift in Sources */,
			);
			runOnlyForDeploymentPostprocessing = 0;
		};
		7599390D285B1E0B0057C705 /* Sources */ = {
			isa = PBXSourcesBuildPhase;
			buildActionMask = 2147483647;
			files = (
				75993916285B1E0B0057C705 /* BrastlemarkTests.swift in Sources */,
			);
			runOnlyForDeploymentPostprocessing = 0;
		};
		75993917285B1E0B0057C705 /* Sources */ = {
			isa = PBXSourcesBuildPhase;
			buildActionMask = 2147483647;
			files = (
				75993920285B1E0B0057C705 /* BrastlemarkUITests.swift in Sources */,
				75993922285B1E0B0057C705 /* BrastlemarkUITestsLaunchTests.swift in Sources */,
			);
			runOnlyForDeploymentPostprocessing = 0;
		};
/* End PBXSourcesBuildPhase section */

/* Begin PBXTargetDependency section */
		75993913285B1E0B0057C705 /* PBXTargetDependency */ = {
			isa = PBXTargetDependency;
			target = 75993900285B1E090057C705 /* Brastlemark */;
			targetProxy = 75993912285B1E0B0057C705 /* PBXContainerItemProxy */;
		};
		7599391D285B1E0B0057C705 /* PBXTargetDependency */ = {
			isa = PBXTargetDependency;
			target = 75993900285B1E090057C705 /* Brastlemark */;
			targetProxy = 7599391C285B1E0B0057C705 /* PBXContainerItemProxy */;
		};
/* End PBXTargetDependency section */

/* Begin XCBuildConfiguration section */
		75993923285B1E0B0057C705 /* Debug */ = {
			isa = XCBuildConfiguration;
			buildSettings = {
				ALWAYS_SEARCH_USER_PATHS = NO;
				CLANG_ANALYZER_NONNULL = YES;
				CLANG_ANALYZER_NUMBER_OBJECT_CONVERSION = YES_AGGRESSIVE;
				CLANG_CXX_LANGUAGE_STANDARD = "gnu++17";
				CLANG_ENABLE_MODULES = YES;
				CLANG_ENABLE_OBJC_ARC = YES;
				CLANG_ENABLE_OBJC_WEAK = YES;
				CLANG_WARN_BLOCK_CAPTURE_AUTORELEASING = YES;
				CLANG_WARN_BOOL_CONVERSION = YES;
				CLANG_WARN_COMMA = YES;
				CLANG_WARN_CONSTANT_CONVERSION = YES;
				CLANG_WARN_DEPRECATED_OBJC_IMPLEMENTATIONS = YES;
				CLANG_WARN_DIRECT_OBJC_ISA_USAGE = YES_ERROR;
				CLANG_WARN_DOCUMENTATION_COMMENTS = YES;
				CLANG_WARN_EMPTY_BODY = YES;
				CLANG_WARN_ENUM_CONVERSION = YES;
				CLANG_WARN_INFINITE_RECURSION = YES;
				CLANG_WARN_INT_CONVERSION = YES;
				CLANG_WARN_NON_LITERAL_NULL_CONVERSION = YES;
				CLANG_WARN_OBJC_IMPLICIT_RETAIN_SELF = YES;
				CLANG_WARN_OBJC_LITERAL_CONVERSION = YES;
				CLANG_WARN_OBJC_ROOT_CLASS = YES_ERROR;
				CLANG_WARN_QUOTED_INCLUDE_IN_FRAMEWORK_HEADER = YES;
				CLANG_WARN_RANGE_LOOP_ANALYSIS = YES;
				CLANG_WARN_STRICT_PROTOTYPES = YES;
				CLANG_WARN_SUSPICIOUS_MOVE = YES;
				CLANG_WARN_UNGUARDED_AVAILABILITY = YES_AGGRESSIVE;
				CLANG_WARN_UNREACHABLE_CODE = YES;
				CLANG_WARN__DUPLICATE_METHOD_MATCH = YES;
				COPY_PHASE_STRIP = NO;
				DEBUG_INFORMATION_FORMAT = dwarf;
				ENABLE_STRICT_OBJC_MSGSEND = YES;
				ENABLE_TESTABILITY = YES;
				GCC_C_LANGUAGE_STANDARD = gnu11;
				GCC_DYNAMIC_NO_PIC = NO;
				GCC_NO_COMMON_BLOCKS = YES;
				GCC_OPTIMIZATION_LEVEL = 0;
				GCC_PREPROCESSOR_DEFINITIONS = (
					"DEBUG=1",
					"$(inherited)",
				);
				GCC_WARN_64_TO_32_BIT_CONVERSION = YES;
				GCC_WARN_ABOUT_RETURN_TYPE = YES_ERROR;
				GCC_WARN_UNDECLARED_SELECTOR = YES;
				GCC_WARN_UNINITIALIZED_AUTOS = YES_AGGRESSIVE;
				GCC_WARN_UNUSED_FUNCTION = YES;
				GCC_WARN_UNUSED_VARIABLE = YES;
				IPHONEOS_DEPLOYMENT_TARGET = 15.5;
				MTL_ENABLE_DEBUG_INFO = INCLUDE_SOURCE;
				MTL_FAST_MATH = YES;
				ONLY_ACTIVE_ARCH = YES;
				SDKROOT = iphoneos;
				SWIFT_ACTIVE_COMPILATION_CONDITIONS = DEBUG;
				SWIFT_OPTIMIZATION_LEVEL = "-Onone";
			};
			name = Debug;
		};
		75993924285B1E0B0057C705 /* Release */ = {
			isa = XCBuildConfiguration;
			buildSettings = {
				ALWAYS_SEARCH_USER_PATHS = NO;
				CLANG_ANALYZER_NONNULL = YES;
				CLANG_ANALYZER_NUMBER_OBJECT_CONVERSION = YES_AGGRESSIVE;
				CLANG_CXX_LANGUAGE_STANDARD = "gnu++17";
				CLANG_ENABLE_MODULES = YES;
				CLANG_ENABLE_OBJC_ARC = YES;
				CLANG_ENABLE_OBJC_WEAK = YES;
				CLANG_WARN_BLOCK_CAPTURE_AUTORELEASING = YES;
				CLANG_WARN_BOOL_CONVERSION = YES;
				CLANG_WARN_COMMA = YES;
				CLANG_WARN_CONSTANT_CONVERSION = YES;
				CLANG_WARN_DEPRECATED_OBJC_IMPLEMENTATIONS = YES;
				CLANG_WARN_DIRECT_OBJC_ISA_USAGE = YES_ERROR;
				CLANG_WARN_DOCUMENTATION_COMMENTS = YES;
				CLANG_WARN_EMPTY_BODY = YES;
				CLANG_WARN_ENUM_CONVERSION = YES;
				CLANG_WARN_INFINITE_RECURSION = YES;
				CLANG_WARN_INT_CONVERSION = YES;
				CLANG_WARN_NON_LITERAL_NULL_CONVERSION = YES;
				CLANG_WARN_OBJC_IMPLICIT_RETAIN_SELF = YES;
				CLANG_WARN_OBJC_LITERAL_CONVERSION = YES;
				CLANG_WARN_OBJC_ROOT_CLASS = YES_ERROR;
				CLANG_WARN_QUOTED_INCLUDE_IN_FRAMEWORK_HEADER = YES;
				CLANG_WARN_RANGE_LOOP_ANALYSIS = YES;
				CLANG_WARN_STRICT_PROTOTYPES = YES;
				CLANG_WARN_SUSPICIOUS_MOVE = YES;
				CLANG_WARN_UNGUARDED_AVAILABILITY = YES_AGGRESSIVE;
				CLANG_WARN_UNREACHABLE_CODE = YES;
				CLANG_WARN__DUPLICATE_METHOD_MATCH = YES;
				COPY_PHASE_STRIP = NO;
				DEBUG_INFORMATION_FORMAT = "dwarf-with-dsym";
				ENABLE_NS_ASSERTIONS = NO;
				ENABLE_STRICT_OBJC_MSGSEND = YES;
				GCC_C_LANGUAGE_STANDARD = gnu11;
				GCC_NO_COMMON_BLOCKS = YES;
				GCC_WARN_64_TO_32_BIT_CONVERSION = YES;
				GCC_WARN_ABOUT_RETURN_TYPE = YES_ERROR;
				GCC_WARN_UNDECLARED_SELECTOR = YES;
				GCC_WARN_UNINITIALIZED_AUTOS = YES_AGGRESSIVE;
				GCC_WARN_UNUSED_FUNCTION = YES;
				GCC_WARN_UNUSED_VARIABLE = YES;
				IPHONEOS_DEPLOYMENT_TARGET = 15.5;
				MTL_ENABLE_DEBUG_INFO = NO;
				MTL_FAST_MATH = YES;
				SDKROOT = iphoneos;
				SWIFT_COMPILATION_MODE = wholemodule;
				SWIFT_OPTIMIZATION_LEVEL = "-O";
				VALIDATE_PRODUCT = YES;
			};
			name = Release;
		};
		75993926285B1E0B0057C705 /* Debug */ = {
			isa = XCBuildConfiguration;
			buildSettings = {
				ASSETCATALOG_COMPILER_APPICON_NAME = AppIcon;
				ASSETCATALOG_COMPILER_GLOBAL_ACCENT_COLOR_NAME = AccentColor;
				CODE_SIGN_STYLE = Automatic;
				CURRENT_PROJECT_VERSION = 1;
				DEVELOPMENT_ASSET_PATHS = "\"Brastlemark/Preview Content\"";
				DEVELOPMENT_TEAM = GNP5RY8L8R;
				ENABLE_PREVIEWS = YES;
				GENERATE_INFOPLIST_FILE = YES;
				INFOPLIST_FILE = Brastlemark/Info.plist;
				INFOPLIST_KEY_UIApplicationSceneManifest_Generation = YES;
				INFOPLIST_KEY_UIApplicationSupportsIndirectInputEvents = YES;
				INFOPLIST_KEY_UILaunchScreen_Generation = YES;
				INFOPLIST_KEY_UISupportedInterfaceOrientations_iPad = "UIInterfaceOrientationPortrait UIInterfaceOrientationPortraitUpsideDown UIInterfaceOrientationLandscapeLeft UIInterfaceOrientationLandscapeRight";
				INFOPLIST_KEY_UISupportedInterfaceOrientations_iPhone = "UIInterfaceOrientationPortrait UIInterfaceOrientationLandscapeLeft UIInterfaceOrientationLandscapeRight";
				LD_RUNPATH_SEARCH_PATHS = (
					"$(inherited)",
					"@executable_path/Frameworks",
				);
				MARKETING_VERSION = 1.0;
				PRODUCT_BUNDLE_IDENTIFIER = com.sullivan.Brastlemark;
				PRODUCT_NAME = "$(TARGET_NAME)";
				SWIFT_EMIT_LOC_STRINGS = YES;
				SWIFT_VERSION = 5.0;
				TARGETED_DEVICE_FAMILY = "1,2";
			};
			name = Debug;
		};
		75993927285B1E0B0057C705 /* Release */ = {
			isa = XCBuildConfiguration;
			buildSettings = {
				ASSETCATALOG_COMPILER_APPICON_NAME = AppIcon;
				ASSETCATALOG_COMPILER_GLOBAL_ACCENT_COLOR_NAME = AccentColor;
				CODE_SIGN_STYLE = Automatic;
				CURRENT_PROJECT_VERSION = 1;
				DEVELOPMENT_ASSET_PATHS = "\"Brastlemark/Preview Content\"";
				DEVELOPMENT_TEAM = GNP5RY8L8R;
				ENABLE_PREVIEWS = YES;
				GENERATE_INFOPLIST_FILE = YES;
				INFOPLIST_FILE = Brastlemark/Info.plist;
				INFOPLIST_KEY_UIApplicationSceneManifest_Generation = YES;
				INFOPLIST_KEY_UIApplicationSupportsIndirectInputEvents = YES;
				INFOPLIST_KEY_UILaunchScreen_Generation = YES;
				INFOPLIST_KEY_UISupportedInterfaceOrientations_iPad = "UIInterfaceOrientationPortrait UIInterfaceOrientationPortraitUpsideDown UIInterfaceOrientationLandscapeLeft UIInterfaceOrientationLandscapeRight";
				INFOPLIST_KEY_UISupportedInterfaceOrientations_iPhone = "UIInterfaceOrientationPortrait UIInterfaceOrientationLandscapeLeft UIInterfaceOrientationLandscapeRight";
				LD_RUNPATH_SEARCH_PATHS = (
					"$(inherited)",
					"@executable_path/Frameworks",
				);
				MARKETING_VERSION = 1.0;
				PRODUCT_BUNDLE_IDENTIFIER = com.sullivan.Brastlemark;
				PRODUCT_NAME = "$(TARGET_NAME)";
				SWIFT_EMIT_LOC_STRINGS = YES;
				SWIFT_VERSION = 5.0;
				TARGETED_DEVICE_FAMILY = "1,2";
			};
			name = Release;
		};
		75993929285B1E0B0057C705 /* Debug */ = {
			isa = XCBuildConfiguration;
			buildSettings = {
				ALWAYS_EMBED_SWIFT_STANDARD_LIBRARIES = YES;
				BUNDLE_LOADER = "$(TEST_HOST)";
				CODE_SIGN_STYLE = Automatic;
				CURRENT_PROJECT_VERSION = 1;
				DEVELOPMENT_TEAM = GNP5RY8L8R;
				GENERATE_INFOPLIST_FILE = YES;
				IPHONEOS_DEPLOYMENT_TARGET = 15.5;
				MARKETING_VERSION = 1.0;
				PRODUCT_BUNDLE_IDENTIFIER = com.sullivan.BrastlemarkTests;
				PRODUCT_NAME = "$(TARGET_NAME)";
				SWIFT_EMIT_LOC_STRINGS = NO;
				SWIFT_VERSION = 5.0;
				TARGETED_DEVICE_FAMILY = "1,2";
				TEST_HOST = "$(BUILT_PRODUCTS_DIR)/Brastlemark.app/Brastlemark";
			};
			name = Debug;
		};
		7599392A285B1E0B0057C705 /* Release */ = {
			isa = XCBuildConfiguration;
			buildSettings = {
				ALWAYS_EMBED_SWIFT_STANDARD_LIBRARIES = YES;
				BUNDLE_LOADER = "$(TEST_HOST)";
				CODE_SIGN_STYLE = Automatic;
				CURRENT_PROJECT_VERSION = 1;
				DEVELOPMENT_TEAM = GNP5RY8L8R;
				GENERATE_INFOPLIST_FILE = YES;
				IPHONEOS_DEPLOYMENT_TARGET = 15.5;
				MARKETING_VERSION = 1.0;
				PRODUCT_BUNDLE_IDENTIFIER = com.sullivan.BrastlemarkTests;
				PRODUCT_NAME = "$(TARGET_NAME)";
				SWIFT_EMIT_LOC_STRINGS = NO;
				SWIFT_VERSION = 5.0;
				TARGETED_DEVICE_FAMILY = "1,2";
				TEST_HOST = "$(BUILT_PRODUCTS_DIR)/Brastlemark.app/Brastlemark";
			};
			name = Release;
		};
		7599392C285B1E0B0057C705 /* Debug */ = {
			isa = XCBuildConfiguration;
			buildSettings = {
				ALWAYS_EMBED_SWIFT_STANDARD_LIBRARIES = YES;
				CODE_SIGN_STYLE = Automatic;
				CURRENT_PROJECT_VERSION = 1;
				DEVELOPMENT_TEAM = GNP5RY8L8R;
				GENERATE_INFOPLIST_FILE = YES;
				MARKETING_VERSION = 1.0;
				PRODUCT_BUNDLE_IDENTIFIER = com.sullivan.BrastlemarkUITests;
				PRODUCT_NAME = "$(TARGET_NAME)";
				SWIFT_EMIT_LOC_STRINGS = NO;
				SWIFT_VERSION = 5.0;
				TARGETED_DEVICE_FAMILY = "1,2";
				TEST_TARGET_NAME = Brastlemark;
			};
			name = Debug;
		};
		7599392D285B1E0B0057C705 /* Release */ = {
			isa = XCBuildConfiguration;
			buildSettings = {
				ALWAYS_EMBED_SWIFT_STANDARD_LIBRARIES = YES;
				CODE_SIGN_STYLE = Automatic;
				CURRENT_PROJECT_VERSION = 1;
				DEVELOPMENT_TEAM = GNP5RY8L8R;
				GENERATE_INFOPLIST_FILE = YES;
				MARKETING_VERSION = 1.0;
				PRODUCT_BUNDLE_IDENTIFIER = com.sullivan.BrastlemarkUITests;
				PRODUCT_NAME = "$(TARGET_NAME)";
				SWIFT_EMIT_LOC_STRINGS = NO;
				SWIFT_VERSION = 5.0;
				TARGETED_DEVICE_FAMILY = "1,2";
				TEST_TARGET_NAME = Brastlemark;
			};
			name = Release;
		};
/* End XCBuildConfiguration section */

/* Begin XCConfigurationList section */
		759938FC285B1E090057C705 /* Build configuration list for PBXProject "Brastlemark" */ = {
			isa = XCConfigurationList;
			buildConfigurations = (
				75993923285B1E0B0057C705 /* Debug */,
				75993924285B1E0B0057C705 /* Release */,
			);
			defaultConfigurationIsVisible = 0;
			defaultConfigurationName = Release;
		};
		75993925285B1E0B0057C705 /* Build configuration list for PBXNativeTarget "Brastlemark" */ = {
			isa = XCConfigurationList;
			buildConfigurations = (
				75993926285B1E0B0057C705 /* Debug */,
				75993927285B1E0B0057C705 /* Release */,
			);
			defaultConfigurationIsVisible = 0;
			defaultConfigurationName = Release;
		};
		75993928285B1E0B0057C705 /* Build configuration list for PBXNativeTarget "BrastlemarkTests" */ = {
			isa = XCConfigurationList;
			buildConfigurations = (
				75993929285B1E0B0057C705 /* Debug */,
				7599392A285B1E0B0057C705 /* Release */,
			);
			defaultConfigurationIsVisible = 0;
			defaultConfigurationName = Release;
		};
		7599392B285B1E0B0057C705 /* Build configuration list for PBXNativeTarget "BrastlemarkUITests" */ = {
			isa = XCConfigurationList;
			buildConfigurations = (
				7599392C285B1E0B0057C705 /* Debug */,
				7599392D285B1E0B0057C705 /* Release */,
			);
			defaultConfigurationIsVisible = 0;
			defaultConfigurationName = Release;
		};
/* End XCConfigurationList section */
	};
	rootObject = 759938F9285B1E090057C705 /* Project object */;
}
